
Microsoft Visual Studio Solution File, Format Version 12.00
# Visual Studio Version 16
VisualStudioVersion = 16.0.31624.102
MinimumVisualStudioVersion = 10.0.40219.1
Project("{9A19103F-16F7-4668-BE54-9A1E7A4F7556}") = "advent5", "three\advent5.csproj", "{52040F7F-4BF3-4F15-9A16-A941B0C993D0}"
EndProject
Global
	GlobalSection(SolutionConfigurationPlatforms) = preSolution
		Debug|Any CPU = Debug|Any CPU
		Release|Any CPU = Release|Any CPU
	EndGlobalSection
	GlobalSection(ProjectConfigurationPlatforms) = postSolution
		{52040F7F-4BF3-4F15-9A16-A941B0C993D0}.Debug|Any CPU.ActiveCfg = Debug|Any CPU
		{52040F7F-4BF3-4F15-9A16-A941B0C993D0}.Debug|Any CPU.Build.0 = Debug|Any CPU
		{52040F7F-4BF3-4F15-9A16-A941B0C993D0}.Release|Any CPU.ActiveCfg = Release|Any CPU
		{52040F7F-4BF3-4F15-9A16-A941B0C993D0}.Release|Any CPU.Build.0 = Release|Any CPU
	EndGlobalSection
	GlobalSection(SolutionProperties) = preSolution
		HideSolutionNode = FALSE
	EndGlobalSection
	GlobalSection(ExtensibilityGlobals) = postSolution
		SolutionGuid = {992B33C9-746B-4391-A3DF-86FD2F4BFA89}
	EndGlobalSection
EndGlobal
